// !$*UTF8*$!
{
	archiveVersion = 1;
	classes = {
	};
	objectVersion = 50;
	objects = {

/* Begin PBXBuildFile section */
		659D56AC249E076000C7B310 /* AppDelegate.swift in Sources */ = {isa = PBXBuildFile; fileRef = 659D56AB249E076000C7B310 /* AppDelegate.swift */; };
		659D56AE249E076000C7B310 /* SceneDelegate.swift in Sources */ = {isa = PBXBuildFile; fileRef = 659D56AD249E076000C7B310 /* SceneDelegate.swift */; };
		659D56B0249E076000C7B310 /* ViewController.swift in Sources */ = {isa = PBXBuildFile; fileRef = 659D56AF249E076000C7B310 /* ViewController.swift */; };
		659D56B3249E076000C7B310 /* Main.storyboard in Resources */ = {isa = PBXBuildFile; fileRef = 659D56B1249E076000C7B310 /* Main.storyboard */; };
		659D56B5249E076300C7B310 /* Assets.xcassets in Resources */ = {isa = PBXBuildFile; fileRef = 659D56B4249E076300C7B310 /* Assets.xcassets */; };
		659D56B8249E076300C7B310 /* LaunchScreen.storyboard in Resources */ = {isa = PBXBuildFile; fileRef = 659D56B6249E076300C7B310 /* LaunchScreen.storyboard */; };
		659D56C0249E10DE00C7B310 /* CardModel.swift in Sources */ = {isa = PBXBuildFile; fileRef = 659D56BF249E10DE00C7B310 /* CardModel.swift */; };
		659D56C2249E122800C7B310 /* Card.swift in Sources */ = {isa = PBXBuildFile; fileRef = 659D56C1249E122800C7B310 /* Card.swift */; };
		659D56C4249E183B00C7B310 /* CardCollectionViewCell.swift in Sources */ = {isa = PBXBuildFile; fileRef = 659D56C3249E183B00C7B310 /* CardCollectionViewCell.swift */; };
/* End PBXBuildFile section */

/* Begin PBXFileReference section */
		659D56A8249E076000C7B310 /* Match Game.app */ = {isa = PBXFileReference; explicitFileType = wrapper.application; includeInIndex = 0; path = "Match Game.app"; sourceTree = BUILT_PRODUCTS_DIR; };
		659D56AB249E076000C7B310 /* AppDelegate.swift */ = {isa = PBXFileReference; lastKnownFileType = sourcecode.swift; path = AppDelegate.swift; sourceTree = "<group>"; };
		659D56AD249E076000C7B310 /* SceneDelegate.swift */ = {isa = PBXFileReference; lastKnownFileType = sourcecode.swift; path = SceneDelegate.swift; sourceTree = "<group>"; };
		659D56AF249E076000C7B310 /* ViewController.swift */ = {isa = PBXFileReference; lastKnownFileType = sourcecode.swift; path = ViewController.swift; sourceTree = "<group>"; };
		659D56B2249E076000C7B310 /* Base */ = {isa = PBXFileReference; lastKnownFileType = file.storyboard; name = Base; path = Base.lproj/Main.storyboard; sourceTree = "<group>"; };
		659D56B4249E076300C7B310 /* Assets.xcassets */ = {isa = PBXFileReference; lastKnownFileType = folder.assetcatalog; path = Assets.xcassets; sourceTree = "<group>"; };
		659D56B7249E076300C7B310 /* Base */ = {isa = PBXFileReference; lastKnownFileType = file.storyboard; name = Base; path = Base.lproj/LaunchScreen.storyboard; sourceTree = "<group>"; };
		659D56B9249E076300C7B310 /* Info.plist */ = {isa = PBXFileReference; lastKnownFileType = text.plist.xml; path = Info.plist; sourceTree = "<group>"; };
		659D56BF249E10DE00C7B310 /* CardModel.swift */ = {isa = PBXFileReference; lastKnownFileType = sourcecode.swift; path = CardModel.swift; sourceTree = "<group>"; };
		659D56C1249E122800C7B310 /* Card.swift */ = {isa = PBXFileReference; lastKnownFileType = sourcecode.swift; path = Card.swift; sourceTree = "<group>"; };
		659D56C3249E183B00C7B310 /* CardCollectionViewCell.swift */ = {isa = PBXFileReference; lastKnownFileType = sourcecode.swift; path = CardCollectionViewCell.swift; sourceTree = "<group>"; };
/* End PBXFileReference section */

/* Begin PBXFrameworksBuildPhase section */
		659D56A5249E076000C7B310 /* Frameworks */ = {
			isa = PBXFrameworksBuildPhase;
			buildActionMask = 2147483647;
			files = (
			);
			runOnlyForDeploymentPostprocessing = 0;
		};
/* End PBXFrameworksBuildPhase section */

/* Begin PBXGroup section */
		659D569F249E076000C7B310 = {
			isa = PBXGroup;
			children = (
				659D56AA249E076000C7B310 /* MatchGame */,
				659D56A9249E076000C7B310 /* Products */,
			);
			sourceTree = "<group>";
		};
		659D56A9249E076000C7B310 /* Products */ = {
			isa = PBXGroup;
			children = (
				659D56A8249E076000C7B310 /* Match Game.app */,
			);
			name = Products;
			sourceTree = "<group>";
		};
		659D56AA249E076000C7B310 /* MatchGame */ = {
			isa = PBXGroup;
			children = (
				659D56AB249E076000C7B310 /* AppDelegate.swift */,
				659D56AD249E076000C7B310 /* SceneDelegate.swift */,
				659D56AF249E076000C7B310 /* ViewController.swift */,
				659D56C3249E183B00C7B310 /* CardCollectionViewCell.swift */,
				659D56B1249E076000C7B310 /* Main.storyboard */,
				659D56BF249E10DE00C7B310 /* CardModel.swift */,
				659D56C1249E122800C7B310 /* Card.swift */,
				659D56B4249E076300C7B310 /* Assets.xcassets */,
				659D56B6249E076300C7B310 /* LaunchScreen.storyboard */,
				659D56B9249E076300C7B310 /* Info.plist */,
			);
			path = MatchGame;
			sourceTree = "<group>";
		};
/* End PBXGroup section */

/* Begin PBXNativeTarget section */
		659D56A7249E076000C7B310 /* MatchGame */ = {
			isa = PBXNativeTarget;
			buildConfigurationList = 659D56BC249E076300C7B310 /* Build configuration list for PBXNativeTarget "MatchGame" */;
			buildPhases = (
				659D56A4249E076000C7B310 /* Sources */,
				659D56A5249E076000C7B310 /* Frameworks */,
				659D56A6249E076000C7B310 /* Resources */,
			);
			buildRules = (
			);
			dependencies = (
			);
			name = MatchGame;
			productName = MatchGame;
			productReference = 659D56A8249E076000C7B310 /* Match Game.app */;
			productType = "com.apple.product-type.application";
		};
/* End PBXNativeTarget section */

/* Begin PBXProject section */
		659D56A0249E076000C7B310 /* Project object */ = {
			isa = PBXProject;
			attributes = {
				LastSwiftUpdateCheck = 1150;
				LastUpgradeCheck = 1150;
				ORGANIZATIONNAME = "Tommy Zhang";
				TargetAttributes = {
					659D56A7249E076000C7B310 = {
						CreatedOnToolsVersion = 11.5;
					};
				};
			};
			buildConfigurationList = 659D56A3249E076000C7B310 /* Build configuration list for PBXProject "MatchGame" */;
			compatibilityVersion = "Xcode 9.3";
			developmentRegion = en;
			hasScannedForEncodings = 0;
			knownRegions = (
				en,
				Base,
			);
			mainGroup = 659D569F249E076000C7B310;
			productRefGroup = 659D56A9249E076000C7B310 /* Products */;
			projectDirPath = "";
			projectRoot = "";
			targets = (
				659D56A7249E076000C7B310 /* MatchGame */,
			);
		};
/* End PBXProject section */

/* Begin PBXResourcesBuildPhase section */
		659D56A6249E076000C7B310 /* Resources */ = {
			isa = PBXResourcesBuildPhase;
			buildActionMask = 2147483647;
			files = (
				659D56B8249E076300C7B310 /* LaunchScreen.storyboard in Resources */,
				659D56B5249E076300C7B310 /* Assets.xcassets in Resources */,
				659D56B3249E076000C7B310 /* Main.storyboard in Resources */,
			);
			runOnlyForDeploymentPostprocessing = 0;
		};
/* End PBXResourcesBuildPhase section */

/* Begin PBXSourcesBuildPhase section */
		659D56A4249E076000C7B310 /* Sources */ = {
			isa = PBXSourcesBuildPhase;
			buildActionMask = 2147483647;
			files = (
				659D56B0249E076000C7B310 /* ViewController.swift in Sources */,
				659D56C0249E10DE00C7B310 /* CardModel.swift in Sources */,
				659D56C2249E122800C7B310 /* Card.swift in Sources */,
				659D56AC249E076000C7B310 /* AppDelegate.swift in Sources */,
				659D56C4249E183B00C7B310 /* CardCollectionViewCell.swift in Sources */,
				659D56AE249E076000C7B310 /* SceneDelegate.swift in Sources */,
			);
			runOnlyForDeploymentPostprocessing = 0;
		};
/* End PBXSourcesBuildPhase section */

/* Begin PBXVariantGroup section */
		659D56B1249E076000C7B310 /* Main.storyboard */ = {
			isa = PBXVariantGroup;
			children = (
				659D56B2249E076000C7B310 /* Base */,
			);
			name = Main.storyboard;
			sourceTree = "<group>";
		};
		659D56B6249E076300C7B310 /* LaunchScreen.storyboard */ = {
			isa = PBXVariantGroup;
			children = (
				659D56B7249E076300C7B310 /* Base */,
			);
			name = LaunchScreen.storyboard;
			sourceTree = "<group>";
		};
/* End PBXVariantGroup section */

/* Begin XCBuildConfiguration section */
		659D56BA249E076300C7B310 /* Debug */ = {
			isa = XCBuildConfiguration;
			buildSettings = {
				ALWAYS_SEARCH_USER_PATHS = NO;
				CLANG_ANALYZER_NONNULL = YES;
				CLANG_ANALYZER_NUMBER_OBJECT_CONVERSION = YES_AGGRESSIVE;
				CLANG_CXX_LANGUAGE_STANDARD = "gnu++14";
				CLANG_CXX_LIBRARY = "libc++";
				CLANG_ENABLE_MODULES = YES;
				CLANG_ENABLE_OBJC_ARC = YES;
				CLANG_ENABLE_OBJC_WEAK = YES;
				CLANG_WARN_BLOCK_CAPTURE_AUTORELEASING = YES;
				CLANG_WARN_BOOL_CONVERSION = YES;
				CLANG_WARN_COMMA = YES;
				CLANG_WARN_CONSTANT_CONVERSION = YES;
				CLANG_WARN_DEPRECATED_OBJC_IMPLEMENTATIONS = YES;
				CLANG_WARN_DIRECT_OBJC_ISA_USAGE = YES_ERROR;
				CLANG_WARN_DOCUMENTATION_COMMENTS = YES;
				CLANG_WARN_EMPTY_BODY = YES;
				CLANG_WARN_ENUM_CONVERSION = YES;
				CLANG_WARN_INFINITE_RECURSION = YES;
				CLANG_WARN_INT_CONVERSION = YES;
				CLANG_WARN_NON_LITERAL_NULL_CONVERSION = YES;
				CLANG_WARN_OBJC_IMPLICIT_RETAIN_SELF = YES;
				CLANG_WARN_OBJC_LITERAL_CONVERSION = YES;
				CLANG_WARN_OBJC_ROOT_CLASS = YES_ERROR;
				CLANG_WARN_RANGE_LOOP_ANALYSIS = YES;
				CLANG_WARN_STRICT_PROTOTYPES = YES;
				CLANG_WARN_SUSPICIOUS_MOVE = YES;
				CLANG_WARN_UNGUARDED_AVAILABILITY = YES_AGGRESSIVE;
				CLANG_WARN_UNREACHABLE_CODE = YES;
				CLANG_WARN__DUPLICATE_METHOD_MATCH = YES;
				COPY_PHASE_STRIP = NO;
				DEBUG_INFORMATION_FORMAT = dwarf;
				ENABLE_STRICT_OBJC_MSGSEND = YES;
				ENABLE_TESTABILITY = YES;
				GCC_C_LANGUAGE_STANDARD = gnu11;
				GCC_DYNAMIC_NO_PIC = NO;
				GCC_NO_COMMON_BLOCKS = YES;
				GCC_OPTIMIZATION_LEVEL = 0;
				GCC_PREPROCESSOR_DEFINITIONS = (
					"DEBUG=1",
					"$(inherited)",
				);
				GCC_WARN_64_TO_32_BIT_CONVERSION = YES;
				GCC_WARN_ABOUT_RETURN_TYPE = YES_ERROR;
				GCC_WARN_UNDECLARED_SELECTOR = YES;
				GCC_WARN_UNINITIALIZED_AUTOS = YES_AGGRESSIVE;
				GCC_WARN_UNUSED_FUNCTION = YES;
				GCC_WARN_UNUSED_VARIABLE = YES;
				IPHONEOS_DEPLOYMENT_TARGET = 13.5;
				MTL_ENABLE_DEBUG_INFO = INCLUDE_SOURCE;
				MTL_FAST_MATH = YES;
				ONLY_ACTIVE_ARCH = YES;
				SDKROOT = iphoneos;
				SWIFT_ACTIVE_COMPILATION_CONDITIONS = DEBUG;
				SWIFT_OPTIMIZATION_LEVEL = "-Onone";
			};
			name = Debug;
		};
		659D56BB249E076300C7B310 /* Release */ = {
			isa = XCBuildConfiguration;
			buildSettings = {
				ALWAYS_SEARCH_USER_PATHS = NO;
				CLANG_ANALYZER_NONNULL = YES;
				CLANG_ANALYZER_NUMBER_OBJECT_CONVERSION = YES_AGGRESSIVE;
				CLANG_CXX_LANGUAGE_STANDARD = "gnu++14";
				CLANG_CXX_LIBRARY = "libc++";
				CLANG_ENABLE_MODULES = YES;
				CLANG_ENABLE_OBJC_ARC = YES;
				CLANG_ENABLE_OBJC_WEAK = YES;
				CLANG_WARN_BLOCK_CAPTURE_AUTORELEASING = YES;
				CLANG_WARN_BOOL_CONVERSION = YES;
				CLANG_WARN_COMMA = YES;
				CLANG_WARN_CONSTANT_CONVERSION = YES;
				CLANG_WARN_DEPRECATED_OBJC_IMPLEMENTATIONS = YES;
				CLANG_WARN_DIRECT_OBJC_ISA_USAGE = YES_ERROR;
				CLANG_WARN_DOCUMENTATION_COMMENTS = YES;
				CLANG_WARN_EMPTY_BODY = YES;
				CLANG_WARN_ENUM_CONVERSION = YES;
				CLANG_WARN_INFINITE_RECURSION = YES;
				CLANG_WARN_INT_CONVERSION = YES;
				CLANG_WARN_NON_LITERAL_NULL_CONVERSION = YES;
				CLANG_WARN_OBJC_IMPLICIT_RETAIN_SELF = YES;
				CLANG_WARN_OBJC_LITERAL_CONVERSION = YES;
				CLANG_WARN_OBJC_ROOT_CLASS = YES_ERROR;
				CLANG_WARN_RANGE_LOOP_ANALYSIS = YES;
				CLANG_WARN_STRICT_PROTOTYPES = YES;
				CLANG_WARN_SUSPICIOUS_MOVE = YES;
				CLANG_WARN_UNGUARDED_AVAILABILITY = YES_AGGRESSIVE;
				CLANG_WARN_UNREACHABLE_CODE = YES;
				CLANG_WARN__DUPLICATE_METHOD_MATCH = YES;
				COPY_PHASE_STRIP = NO;
				DEBUG_INFORMATION_FORMAT = "dwarf-with-dsym";
				ENABLE_NS_ASSERTIONS = NO;
				ENABLE_STRICT_OBJC_MSGSEND = YES;
				GCC_C_LANGUAGE_STANDARD = gnu11;
				GCC_NO_COMMON_BLOCKS = YES;
				GCC_WARN_64_TO_32_BIT_CONVERSION = YES;
				GCC_WARN_ABOUT_RETURN_TYPE = YES_ERROR;
				GCC_WARN_UNDECLARED_SELECTOR = YES;
				GCC_WARN_UNINITIALIZED_AUTOS = YES_AGGRESSIVE;
				GCC_WARN_UNUSED_FUNCTION = YES;
				GCC_WARN_UNUSED_VARIABLE = YES;
				IPHONEOS_DEPLOYMENT_TARGET = 13.5;
				MTL_ENABLE_DEBUG_INFO = NO;
				MTL_FAST_MATH = YES;
				SDKROOT = iphoneos;
				SWIFT_COMPILATION_MODE = wholemodule;
				SWIFT_OPTIMIZATION_LEVEL = "-O";
				VALIDATE_PRODUCT = YES;
			};
			name = Release;
		};
		659D56BD249E076300C7B310 /* Debug */ = {
			isa = XCBuildConfiguration;
			buildSettings = {
				ASSETCATALOG_COMPILER_APPICON_NAME = AppIcon;
				CODE_SIGN_STYLE = Automatic;
				DEVELOPMENT_TEAM = B6A9P9QJX3;
				INFOPLIST_FILE = MatchGame/Info.plist;
				IPHONEOS_DEPLOYMENT_TARGET = 13.4;
				LD_RUNPATH_SEARCH_PATHS = (
					"$(inherited)",
					"@executable_path/Frameworks",
				);
				PRODUCT_BUNDLE_IDENTIFIER = com.Besttz.MatchGame;
				PRODUCT_NAME = "Match Game";
				SWIFT_VERSION = 5.0;
				TARGETED_DEVICE_FAMILY = "1,2";
			};
			name = Debug;
		};
		659D56BE249E076300C7B310 /* Release */ = {
			isa = XCBuildConfiguration;
			buildSettings = {
				ASSETCATALOG_COMPILER_APPICON_NAME = AppIcon;
				CODE_SIGN_STYLE = Automatic;
				DEVELOPMENT_TEAM = B6A9P9QJX3;
				INFOPLIST_FILE = MatchGame/Info.plist;
				IPHONEOS_DEPLOYMENT_TARGET = 13.4;
				LD_RUNPATH_SEARCH_PATHS = (
					"$(inherited)",
					"@executable_path/Frameworks",
				);
				PRODUCT_BUNDLE_IDENTIFIER = com.Besttz.MatchGame;
				PRODUCT_NAME = "Match Game";
				SWIFT_VERSION = 5.0;
				TARGETED_DEVICE_FAMILY = "1,2";
			};
			name = Release;
		};
/* End XCBuildConfiguration section */

/* Begin XCConfigurationList section */
		659D56A3249E076000C7B310 /* Build configuration list for PBXProject "MatchGame" */ = {
			isa = XCConfigurationList;
			buildConfigurations = (
				659D56BA249E076300C7B310 /* Debug */,
				659D56BB249E076300C7B310 /* Release */,
			);
			defaultConfigurationIsVisible = 0;
			defaultConfigurationName = Release;
		};
		659D56BC249E076300C7B310 /* Build configuration list for PBXNativeTarget "MatchGame" */ = {
			isa = XCConfigurationList;
			buildConfigurations = (
				659D56BD249E076300C7B310 /* Debug */,
				659D56BE249E076300C7B310 /* Release */,
			);
			defaultConfigurationIsVisible = 0;
			defaultConfigurationName = Release;
		};
/* End XCConfigurationList section */
	};
	rootObject = 659D56A0249E076000C7B310 /* Project object */;
}
